
Microsoft Visual Studio Solution File, Format Version 12.00
# Visual Studio Version 16
VisualStudioVersion = 16.0.31613.86
MinimumVisualStudioVersion = 10.0.40219.1
Project("{8BC9CEB8-8B4A-11D0-8D11-00A0C91BC942}") = "server", "server.vcxproj", "{DC897E3B-423E-482F-9462-F8CFCA5654F1}"
EndProject
Global
	GlobalSection(SolutionConfigurationPlatforms) = preSolution
		Debug|x64 = Debug|x64
		Debug|x86 = Debug|x86
		Release|x64 = Release|x64
		Release|x86 = Release|x86
	EndGlobalSection
	GlobalSection(ProjectConfigurationPlatforms) = postSolution
		{DC897E3B-423E-482F-9462-F8CFCA5654F1}.Debug|x64.ActiveCfg = Debug|x64
		{DC897E3B-423E-482F-9462-F8CFCA5654F1}.Debug|x64.Build.0 = Debug|x64
		{DC897E3B-423E-482F-9462-F8CFCA5654F1}.Debug|x86.ActiveCfg = Debug|Win32
		{DC897E3B-423E-482F-9462-F8CFCA5654F1}.Debug|x86.Build.0 = Debug|Win32
		{DC897E3B-423E-482F-9462-F8CFCA5654F1}.Release|x64.ActiveCfg = Release|x64
		{DC897E3B-423E-482F-9462-F8CFCA5654F1}.Release|x64.Build.0 = Release|x64
		{DC897E3B-423E-482F-9462-F8CFCA5654F1}.Release|x86.ActiveCfg = Release|Win32
		{DC897E3B-423E-482F-9462-F8CFCA5654F1}.Release|x86.Build.0 = Release|Win32
	EndGlobalSection
	GlobalSection(SolutionProperties) = preSolution
		HideSolutionNode = FALSE
	EndGlobalSection
	GlobalSection(ExtensibilityGlobals) = postSolution
		SolutionGuid = {CE9C73BB-2647-41DC-8F39-CCD44A5BD1A2}
	EndGlobalSection
EndGlobal
